{
    "_readme": [
        "This file locks the dependencies of your project to a known state",
        "Read more about it at http://getcomposer.org/doc/01-basic-usage.md#composer-lock-the-lock-file",
        "This file is @generated automatically"
    ],
    "hash": "d1c65b2fe0fb6f8a220555adf0c59ea5",
    "packages": [
        {
            "name": "composer/installers",
            "version": "dev-master",
            "source": {
                "type": "git",
                "url": "https://github.com/composer/installers.git",
                "reference": "89d77bfbee79e16653f7162c86e602cc188471db"
            },
            "dist": {
                "type": "zip",
                "url": "https://api.github.com/repos/composer/installers/zipball/89d77bfbee79e16653f7162c86e602cc188471db",
                "reference": "89d77bfbee79e16653f7162c86e602cc188471db",
                "shasum": ""
            },
            "replace": {
                "roundcube/plugin-installer": "*",
                "shama/baton": "*"
            },
            "require-dev": {
                "composer/composer": "1.0.*@dev",
                "phpunit/phpunit": "4.1.*"
            },
            "type": "composer-installer",
            "extra": {
                "class": "Composer\\Installers\\Installer",
                "branch-alias": {
                    "dev-master": "1.0-dev"
                }
            },
            "autoload": {
                "psr-0": {
                    "Composer\\Installers\\": "src/"
                }
            },
            "notification-url": "https://packagist.org/downloads/",
            "license": [
                "MIT"
            ],
            "authors": [
                {
                    "name": "Kyle Robinson Young",
                    "email": "kyle@dontkry.com",
                    "homepage": "https://github.com/shama"
                }
            ],
            "description": "A multi-framework Composer library installer",
            "homepage": "http://composer.github.com/installers/",
            "keywords": [
                "Craft",
                "Dolibarr",
                "Hurad",
                "MODX Evo",
                "OXID",
                "Thelia",
                "WolfCMS",
                "agl",
                "annotatecms",
                "bitrix",
                "cakephp",
                "chef",
                "codeigniter",
                "concrete5",
                "croogo",
                "dokuwiki",
                "drupal",
                "elgg",
                "fuelphp",
                "grav",
                "installer",
                "joomla",
                "kohana",
                "laravel",
                "lithium",
                "magento",
                "mako",
                "mediawiki",
                "modulework",
                "moodle",
                "phpbb",
                "piwik",
                "ppi",
                "puppet",
                "roundcube",
                "shopware",
                "silverstripe",
                "symfony",
                "typo3",
                "wordpress",
                "zend",
                "zikula"
            ],
            "time": "2014-11-29 01:29:17"
        },
        {
            "name": "lexpress/doctrine1",
            "version": "dev-master",
            "source": {
                "type": "git",
                "url": "https://github.com/LExpress/doctrine1.git",
                "reference": "b7682da098acacdd8063d59740697962eea8bfb6"
            },
            "dist": {
                "type": "zip",
                "url": "https://api.github.com/repos/LExpress/doctrine1/zipball/b7682da098acacdd8063d59740697962eea8bfb6",
                "reference": "b7682da098acacdd8063d59740697962eea8bfb6",
                "shasum": ""
            },
            "require": {
                "ext-pdo": "*",
                "php": ">=5.2.3"
            },
            "type": "library",
            "autoload": {
                "psr-0": {
                    "Doctrine_": "lib/"
                }
            },
            "notification-url": "https://packagist.org/downloads/",
            "license": [
                "LGPL"
            ],
            "authors": [
                {
                    "name": "Jonathan Wage",
                    "email": "jonwage@gmail.com",
                    "homepage": "http://www.jwage.com/",
                    "role": "Creator"
                },
                {
                    "name": "Konsta Vesterinen",
                    "email": "kvesteri@cc.hut.fi"
                }
            ],
            "description": "PHP5 Database ORM",
            "homepage": "http://www.doctrine-project.org",
            "keywords": [
                "database",
                "orm"
            ],
            "time": "2014-02-05 09:53:08"
        },
        {
            "name": "lexpress/symfony1",
            "version": "dev-master",
            "source": {
                "type": "git",
                "url": "https://github.com/LExpress/symfony1.git",
                "reference": "0a8a186f983050a8e47222100128b69af6bcd060"
            },
            "dist": {
                "type": "zip",
                "url": "https://api.github.com/repos/LExpress/symfony1/zipball/0a8a186f983050a8e47222100128b69af6bcd060",
                "reference": "0a8a186f983050a8e47222100128b69af6bcd060",
                "shasum": ""
            },
            "require": {
                "swiftmailer/swiftmailer": "~5.2.1"
            },
            "require-dev": {
                "psr/log": "*"
            },
            "suggest": {
                "lexpress/doctrine1": "Doctrine plugin",
                "propel/sf-propel-o-r-m-plugin": "Propel plugin",
                "psr/log": "Psr logger"
            },
            "bin": [
                "data/bin/symfony"
            ],
            "type": "library",
            "extra": {
                "branch-alias": {
                    "dev-master": "1.5-dev"
                }
            },
            "autoload": {
                "files": [
                    "autoload.php"
                ]
            },
            "notification-url": "https://packagist.org/downloads/",
            "license": [
                "MIT"
            ],
            "description": "Fork of symfony 1.4 with dic, form enhancements, latest swiftmailer and better performance",
            "time": "2014-11-27 17:32:41"
        },
        {
            "name": "swiftmailer/swiftmailer",
            "version": "v5.2.2",
            "source": {
                "type": "git",
                "url": "https://github.com/swiftmailer/swiftmailer.git",
                "reference": "e02f71a35436af4bd58a1bd90116089e632e29e1"
            },
            "dist": {
                "type": "zip",
                "url": "https://api.github.com/repos/swiftmailer/swiftmailer/zipball/e02f71a35436af4bd58a1bd90116089e632e29e1",
                "reference": "e02f71a35436af4bd58a1bd90116089e632e29e1",
                "shasum": ""
            },
            "require": {
                "php": ">=5.2.4"
            },
            "require-dev": {
                "mockery/mockery": "~0.9.1"
            },
            "type": "library",
            "extra": {
                "branch-alias": {
                    "dev-master": "5.2-dev"
                }
            },
            "autoload": {
                "files": [
                    "lib/swift_required.php"
                ]
            },
            "notification-url": "https://packagist.org/downloads/",
            "license": [
                "MIT"
            ],
            "authors": [
                {
                    "name": "Chris Corbyn"
                },
                {
                    "name": "Fabien Potencier",
                    "email": "fabien@symfony.com"
                }
            ],
            "description": "Swiftmailer, free feature-rich PHP mailer",
            "homepage": "http://swiftmailer.org",
            "keywords": [
                "mail",
                "mailer"
            ],
            "time": "2014-09-20 07:17:36"
        }
    ],
    "packages-dev": [],
    "aliases": [],
    "minimum-stability": "dev",
    "stability-flags": [],
    "prefer-stable": false,
    "platform": [],
    "platform-dev": []
}
